// !$*UTF8*$!
{
	archiveVersion = 1;
	classes = {
	};
	objectVersion = 48;
	objects = {

/* Begin PBXBuildFile section */
		C1785B712032A34D00036D74 /* AppDelegate.m in Sources */ = {isa = PBXBuildFile; fileRef = C1785B702032A34D00036D74 /* AppDelegate.m */; };
		C1785B742032A34D00036D74 /* ViewController.m in Sources */ = {isa = PBXBuildFile; fileRef = C1785B732032A34D00036D74 /* ViewController.m */; };
		C1785B772032A34D00036D74 /* Main.storyboard in Resources */ = {isa = PBXBuildFile; fileRef = C1785B752032A34D00036D74 /* Main.storyboard */; };
		C1785B792032A34D00036D74 /* Assets.xcassets in Resources */ = {isa = PBXBuildFile; fileRef = C1785B782032A34D00036D74 /* Assets.xcassets */; };
		C1785B7C2032A34D00036D74 /* LaunchScreen.storyboard in Resources */ = {isa = PBXBuildFile; fileRef = C1785B7A2032A34D00036D74 /* LaunchScreen.storyboard */; };
		C1785B7F2032A34D00036D74 /* main.m in Sources */ = {isa = PBXBuildFile; fileRef = C1785B7E2032A34D00036D74 /* main.m */; };
		C1785B892032A34D00036D74 /* QueueTwoStackTests.m in Sources */ = {isa = PBXBuildFile; fileRef = C1785B882032A34D00036D74 /* QueueTwoStackTests.m */; };
		C1785B942032A34D00036D74 /* QueueTwoStackUITests.m in Sources */ = {isa = PBXBuildFile; fileRef = C1785B932032A34D00036D74 /* QueueTwoStackUITests.m */; };
		C1785BA32032A36F00036D74 /* PVStack.m in Sources */ = {isa = PBXBuildFile; fileRef = C1785BA22032A36F00036D74 /* PVStack.m */; };
		C1785BA62032A51500036D74 /* PVQueue.m in Sources */ = {isa = PBXBuildFile; fileRef = C1785BA52032A51500036D74 /* PVQueue.m */; };
		C1785BA92032A6B600036D74 /* PVQueueTwoStack.m in Sources */ = {isa = PBXBuildFile; fileRef = C1785BA82032A6B600036D74 /* PVQueueTwoStack.m */; };
/* End PBXBuildFile section */

/* Begin PBXContainerItemProxy section */
		C1785B852032A34D00036D74 /* PBXContainerItemProxy */ = {
			isa = PBXContainerItemProxy;
			containerPortal = C1785B642032A34D00036D74 /* Project object */;
			proxyType = 1;
			remoteGlobalIDString = C1785B6B2032A34D00036D74;
			remoteInfo = QueueTwoStack;
		};
		C1785B902032A34D00036D74 /* PBXContainerItemProxy */ = {
			isa = PBXContainerItemProxy;
			containerPortal = C1785B642032A34D00036D74 /* Project object */;
			proxyType = 1;
			remoteGlobalIDString = C1785B6B2032A34D00036D74;
			remoteInfo = QueueTwoStack;
		};
/* End PBXContainerItemProxy section */

/* Begin PBXFileReference section */
		C1785B6C2032A34D00036D74 /* QueueTwoStack.app */ = {isa = PBXFileReference; explicitFileType = wrapper.application; includeInIndex = 0; path = QueueTwoStack.app; sourceTree = BUILT_PRODUCTS_DIR; };
		C1785B6F2032A34D00036D74 /* AppDelegate.h */ = {isa = PBXFileReference; lastKnownFileType = sourcecode.c.h; path = AppDelegate.h; sourceTree = "<group>"; };
		C1785B702032A34D00036D74 /* AppDelegate.m */ = {isa = PBXFileReference; lastKnownFileType = sourcecode.c.objc; path = AppDelegate.m; sourceTree = "<group>"; };
		C1785B722032A34D00036D74 /* ViewController.h */ = {isa = PBXFileReference; lastKnownFileType = sourcecode.c.h; path = ViewController.h; sourceTree = "<group>"; };
		C1785B732032A34D00036D74 /* ViewController.m */ = {isa = PBXFileReference; lastKnownFileType = sourcecode.c.objc; path = ViewController.m; sourceTree = "<group>"; };
		C1785B762032A34D00036D74 /* Base */ = {isa = PBXFileReference; lastKnownFileType = file.storyboard; name = Base; path = Base.lproj/Main.storyboard; sourceTree = "<group>"; };
		C1785B782032A34D00036D74 /* Assets.xcassets */ = {isa = PBXFileReference; lastKnownFileType = folder.assetcatalog; path = Assets.xcassets; sourceTree = "<group>"; };
		C1785B7B2032A34D00036D74 /* Base */ = {isa = PBXFileReference; lastKnownFileType = file.storyboard; name = Base; path = Base.lproj/LaunchScreen.storyboard; sourceTree = "<group>"; };
		C1785B7D2032A34D00036D74 /* Info.plist */ = {isa = PBXFileReference; lastKnownFileType = text.plist.xml; path = Info.plist; sourceTree = "<group>"; };
		C1785B7E2032A34D00036D74 /* main.m */ = {isa = PBXFileReference; lastKnownFileType = sourcecode.c.objc; path = main.m; sourceTree = "<group>"; };
		C1785B842032A34D00036D74 /* QueueTwoStackTests.xctest */ = {isa = PBXFileReference; explicitFileType = wrapper.cfbundle; includeInIndex = 0; path = QueueTwoStackTests.xctest; sourceTree = BUILT_PRODUCTS_DIR; };
		C1785B882032A34D00036D74 /* QueueTwoStackTests.m */ = {isa = PBXFileReference; lastKnownFileType = sourcecode.c.objc; path = QueueTwoStackTests.m; sourceTree = "<group>"; };
		C1785B8A2032A34D00036D74 /* Info.plist */ = {isa = PBXFileReference; lastKnownFileType = text.plist.xml; path = Info.plist; sourceTree = "<group>"; };
		C1785B8F2032A34D00036D74 /* QueueTwoStackUITests.xctest */ = {isa = PBXFileReference; explicitFileType = wrapper.cfbundle; includeInIndex = 0; path = QueueTwoStackUITests.xctest; sourceTree = BUILT_PRODUCTS_DIR; };
		C1785B932032A34D00036D74 /* QueueTwoStackUITests.m */ = {isa = PBXFileReference; lastKnownFileType = sourcecode.c.objc; path = QueueTwoStackUITests.m; sourceTree = "<group>"; };
		C1785B952032A34D00036D74 /* Info.plist */ = {isa = PBXFileReference; lastKnownFileType = text.plist.xml; path = Info.plist; sourceTree = "<group>"; };
		C1785BA12032A36F00036D74 /* PVStack.h */ = {isa = PBXFileReference; lastKnownFileType = sourcecode.c.h; path = PVStack.h; sourceTree = "<group>"; };
		C1785BA22032A36F00036D74 /* PVStack.m */ = {isa = PBXFileReference; lastKnownFileType = sourcecode.c.objc; path = PVStack.m; sourceTree = "<group>"; };
		C1785BA42032A51500036D74 /* PVQueue.h */ = {isa = PBXFileReference; lastKnownFileType = sourcecode.c.h; path = PVQueue.h; sourceTree = "<group>"; };
		C1785BA52032A51500036D74 /* PVQueue.m */ = {isa = PBXFileReference; lastKnownFileType = sourcecode.c.objc; path = PVQueue.m; sourceTree = "<group>"; };
		C1785BA72032A6B600036D74 /* PVQueueTwoStack.h */ = {isa = PBXFileReference; lastKnownFileType = sourcecode.c.h; path = PVQueueTwoStack.h; sourceTree = "<group>"; };
		C1785BA82032A6B600036D74 /* PVQueueTwoStack.m */ = {isa = PBXFileReference; lastKnownFileType = sourcecode.c.objc; path = PVQueueTwoStack.m; sourceTree = "<group>"; };
/* End PBXFileReference section */

/* Begin PBXFrameworksBuildPhase section */
		C1785B692032A34D00036D74 /* Frameworks */ = {
			isa = PBXFrameworksBuildPhase;
			buildActionMask = 2147483647;
			files = (
			);
			runOnlyForDeploymentPostprocessing = 0;
		};
		C1785B812032A34D00036D74 /* Frameworks */ = {
			isa = PBXFrameworksBuildPhase;
			buildActionMask = 2147483647;
			files = (
			);
			runOnlyForDeploymentPostprocessing = 0;
		};
		C1785B8C2032A34D00036D74 /* Frameworks */ = {
			isa = PBXFrameworksBuildPhase;
			buildActionMask = 2147483647;
			files = (
			);
			runOnlyForDeploymentPostprocessing = 0;
		};
/* End PBXFrameworksBuildPhase section */

/* Begin PBXGroup section */
		C1785B632032A34D00036D74 = {
			isa = PBXGroup;
			children = (
				C1785B6E2032A34D00036D74 /* QueueTwoStack */,
				C1785B872032A34D00036D74 /* QueueTwoStackTests */,
				C1785B922032A34D00036D74 /* QueueTwoStackUITests */,
				C1785B6D2032A34D00036D74 /* Products */,
			);
			sourceTree = "<group>";
		};
		C1785B6D2032A34D00036D74 /* Products */ = {
			isa = PBXGroup;
			children = (
				C1785B6C2032A34D00036D74 /* QueueTwoStack.app */,
				C1785B842032A34D00036D74 /* QueueTwoStackTests.xctest */,
				C1785B8F2032A34D00036D74 /* QueueTwoStackUITests.xctest */,
			);
			name = Products;
			sourceTree = "<group>";
		};
		C1785B6E2032A34D00036D74 /* QueueTwoStack */ = {
			isa = PBXGroup;
			children = (
				C1785B6F2032A34D00036D74 /* AppDelegate.h */,
				C1785B702032A34D00036D74 /* AppDelegate.m */,
				C1785B722032A34D00036D74 /* ViewController.h */,
				C1785B732032A34D00036D74 /* ViewController.m */,
				C1785BA12032A36F00036D74 /* PVStack.h */,
				C1785BA22032A36F00036D74 /* PVStack.m */,
				C1785BA42032A51500036D74 /* PVQueue.h */,
				C1785BA52032A51500036D74 /* PVQueue.m */,
				C1785BA72032A6B600036D74 /* PVQueueTwoStack.h */,
				C1785BA82032A6B600036D74 /* PVQueueTwoStack.m */,
				C1785B752032A34D00036D74 /* Main.storyboard */,
				C1785B782032A34D00036D74 /* Assets.xcassets */,
				C1785B7A2032A34D00036D74 /* LaunchScreen.storyboard */,
				C1785B7D2032A34D00036D74 /* Info.plist */,
				C1785B7E2032A34D00036D74 /* main.m */,
			);
			path = QueueTwoStack;
			sourceTree = "<group>";
		};
		C1785B872032A34D00036D74 /* QueueTwoStackTests */ = {
			isa = PBXGroup;
			children = (
				C1785B882032A34D00036D74 /* QueueTwoStackTests.m */,
				C1785B8A2032A34D00036D74 /* Info.plist */,
			);
			path = QueueTwoStackTests;
			sourceTree = "<group>";
		};
		C1785B922032A34D00036D74 /* QueueTwoStackUITests */ = {
			isa = PBXGroup;
			children = (
				C1785B932032A34D00036D74 /* QueueTwoStackUITests.m */,
				C1785B952032A34D00036D74 /* Info.plist */,
			);
			path = QueueTwoStackUITests;
			sourceTree = "<group>";
		};
/* End PBXGroup section */

/* Begin PBXNativeTarget section */
		C1785B6B2032A34D00036D74 /* QueueTwoStack */ = {
			isa = PBXNativeTarget;
			buildConfigurationList = C1785B982032A34D00036D74 /* Build configuration list for PBXNativeTarget "QueueTwoStack" */;
			buildPhases = (
				C1785B682032A34D00036D74 /* Sources */,
				C1785B692032A34D00036D74 /* Frameworks */,
				C1785B6A2032A34D00036D74 /* Resources */,
			);
			buildRules = (
			);
			dependencies = (
			);
			name = QueueTwoStack;
			productName = QueueTwoStack;
			productReference = C1785B6C2032A34D00036D74 /* QueueTwoStack.app */;
			productType = "com.apple.product-type.application";
		};
		C1785B832032A34D00036D74 /* QueueTwoStackTests */ = {
			isa = PBXNativeTarget;
			buildConfigurationList = C1785B9B2032A34D00036D74 /* Build configuration list for PBXNativeTarget "QueueTwoStackTests" */;
			buildPhases = (
				C1785B802032A34D00036D74 /* Sources */,
				C1785B812032A34D00036D74 /* Frameworks */,
				C1785B822032A34D00036D74 /* Resources */,
			);
			buildRules = (
			);
			dependencies = (
				C1785B862032A34D00036D74 /* PBXTargetDependency */,
			);
			name = QueueTwoStackTests;
			productName = QueueTwoStackTests;
			productReference = C1785B842032A34D00036D74 /* QueueTwoStackTests.xctest */;
			productType = "com.apple.product-type.bundle.unit-test";
		};
		C1785B8E2032A34D00036D74 /* QueueTwoStackUITests */ = {
			isa = PBXNativeTarget;
			buildConfigurationList = C1785B9E2032A34D00036D74 /* Build configuration list for PBXNativeTarget "QueueTwoStackUITests" */;
			buildPhases = (
				C1785B8B2032A34D00036D74 /* Sources */,
				C1785B8C2032A34D00036D74 /* Frameworks */,
				C1785B8D2032A34D00036D74 /* Resources */,
			);
			buildRules = (
			);
			dependencies = (
				C1785B912032A34D00036D74 /* PBXTargetDependency */,
			);
			name = QueueTwoStackUITests;
			productName = QueueTwoStackUITests;
			productReference = C1785B8F2032A34D00036D74 /* QueueTwoStackUITests.xctest */;
			productType = "com.apple.product-type.bundle.ui-testing";
		};
/* End PBXNativeTarget section */

/* Begin PBXProject section */
		C1785B642032A34D00036D74 /* Project object */ = {
			isa = PBXProject;
			attributes = {
				LastUpgradeCheck = 0920;
				ORGANIZATIONNAME = PEETLA;
				TargetAttributes = {
					C1785B6B2032A34D00036D74 = {
						CreatedOnToolsVersion = 9.2;
						ProvisioningStyle = Automatic;
					};
					C1785B832032A34D00036D74 = {
						CreatedOnToolsVersion = 9.2;
						ProvisioningStyle = Automatic;
						TestTargetID = C1785B6B2032A34D00036D74;
					};
					C1785B8E2032A34D00036D74 = {
						CreatedOnToolsVersion = 9.2;
						ProvisioningStyle = Automatic;
						TestTargetID = C1785B6B2032A34D00036D74;
					};
				};
			};
			buildConfigurationList = C1785B672032A34D00036D74 /* Build configuration list for PBXProject "QueueTwoStack" */;
			compatibilityVersion = "Xcode 8.0";
			developmentRegion = en;
			hasScannedForEncodings = 0;
			knownRegions = (
				en,
				Base,
			);
			mainGroup = C1785B632032A34D00036D74;
			productRefGroup = C1785B6D2032A34D00036D74 /* Products */;
			projectDirPath = "";
			projectRoot = "";
			targets = (
				C1785B6B2032A34D00036D74 /* QueueTwoStack */,
				C1785B832032A34D00036D74 /* QueueTwoStackTests */,
				C1785B8E2032A34D00036D74 /* QueueTwoStackUITests */,
			);
		};
/* End PBXProject section */

/* Begin PBXResourcesBuildPhase section */
		C1785B6A2032A34D00036D74 /* Resources */ = {
			isa = PBXResourcesBuildPhase;
			buildActionMask = 2147483647;
			files = (
				C1785B7C2032A34D00036D74 /* LaunchScreen.storyboard in Resources */,
				C1785B792032A34D00036D74 /* Assets.xcassets in Resources */,
				C1785B772032A34D00036D74 /* Main.storyboard in Resources */,
			);
			runOnlyForDeploymentPostprocessing = 0;
		};
		C1785B822032A34D00036D74 /* Resources */ = {
			isa = PBXResourcesBuildPhase;
			buildActionMask = 2147483647;
			files = (
			);
			runOnlyForDeploymentPostprocessing = 0;
		};
		C1785B8D2032A34D00036D74 /* Resources */ = {
			isa = PBXResourcesBuildPhase;
			buildActionMask = 2147483647;
			files = (
			);
			runOnlyForDeploymentPostprocessing = 0;
		};
/* End PBXResourcesBuildPhase section */

/* Begin PBXSourcesBuildPhase section */
		C1785B682032A34D00036D74 /* Sources */ = {
			isa = PBXSourcesBuildPhase;
			buildActionMask = 2147483647;
			files = (
				C1785BA62032A51500036D74 /* PVQueue.m in Sources */,
				C1785BA32032A36F00036D74 /* PVStack.m in Sources */,
				C1785B742032A34D00036D74 /* ViewController.m in Sources */,
				C1785BA92032A6B600036D74 /* PVQueueTwoStack.m in Sources */,
				C1785B7F2032A34D00036D74 /* main.m in Sources */,
				C1785B712032A34D00036D74 /* AppDelegate.m in Sources */,
			);
			runOnlyForDeploymentPostprocessing = 0;
		};
		C1785B802032A34D00036D74 /* Sources */ = {
			isa = PBXSourcesBuildPhase;
			buildActionMask = 2147483647;
			files = (
				C1785B892032A34D00036D74 /* QueueTwoStackTests.m in Sources */,
			);
			runOnlyForDeploymentPostprocessing = 0;
		};
		C1785B8B2032A34D00036D74 /* Sources */ = {
			isa = PBXSourcesBuildPhase;
			buildActionMask = 2147483647;
			files = (
				C1785B942032A34D00036D74 /* QueueTwoStackUITests.m in Sources */,
			);
			runOnlyForDeploymentPostprocessing = 0;
		};
/* End PBXSourcesBuildPhase section */

/* Begin PBXTargetDependency section */
		C1785B862032A34D00036D74 /* PBXTargetDependency */ = {
			isa = PBXTargetDependency;
			target = C1785B6B2032A34D00036D74 /* QueueTwoStack */;
			targetProxy = C1785B852032A34D00036D74 /* PBXContainerItemProxy */;
		};
		C1785B912032A34D00036D74 /* PBXTargetDependency */ = {
			isa = PBXTargetDependency;
			target = C1785B6B2032A34D00036D74 /* QueueTwoStack */;
			targetProxy = C1785B902032A34D00036D74 /* PBXContainerItemProxy */;
		};
/* End PBXTargetDependency section */

/* Begin PBXVariantGroup section */
		C1785B752032A34D00036D74 /* Main.storyboard */ = {
			isa = PBXVariantGroup;
			children = (
				C1785B762032A34D00036D74 /* Base */,
			);
			name = Main.storyboard;
			sourceTree = "<group>";
		};
		C1785B7A2032A34D00036D74 /* LaunchScreen.storyboard */ = {
			isa = PBXVariantGroup;
			children = (
				C1785B7B2032A34D00036D74 /* Base */,
			);
			name = LaunchScreen.storyboard;
			sourceTree = "<group>";
		};
/* End PBXVariantGroup section */

/* Begin XCBuildConfiguration section */
		C1785B962032A34D00036D74 /* Debug */ = {
			isa = XCBuildConfiguration;
			buildSettings = {
				ALWAYS_SEARCH_USER_PATHS = NO;
				CLANG_ANALYZER_NONNULL = YES;
				CLANG_ANALYZER_NUMBER_OBJECT_CONVERSION = YES_AGGRESSIVE;
				CLANG_CXX_LANGUAGE_STANDARD = "gnu++14";
				CLANG_CXX_LIBRARY = "libc++";
				CLANG_ENABLE_MODULES = YES;
				CLANG_ENABLE_OBJC_ARC = YES;
				CLANG_WARN_BLOCK_CAPTURE_AUTORELEASING = YES;
				CLANG_WARN_BOOL_CONVERSION = YES;
				CLANG_WARN_COMMA = YES;
				CLANG_WARN_CONSTANT_CONVERSION = YES;
				CLANG_WARN_DIRECT_OBJC_ISA_USAGE = YES_ERROR;
				CLANG_WARN_DOCUMENTATION_COMMENTS = YES;
				CLANG_WARN_EMPTY_BODY = YES;
				CLANG_WARN_ENUM_CONVERSION = YES;
				CLANG_WARN_INFINITE_RECURSION = YES;
				CLANG_WARN_INT_CONVERSION = YES;
				CLANG_WARN_NON_LITERAL_NULL_CONVERSION = YES;
				CLANG_WARN_OBJC_LITERAL_CONVERSION = YES;
				CLANG_WARN_OBJC_ROOT_CLASS = YES_ERROR;
				CLANG_WARN_RANGE_LOOP_ANALYSIS = YES;
				CLANG_WARN_STRICT_PROTOTYPES = YES;
				CLANG_WARN_SUSPICIOUS_MOVE = YES;
				CLANG_WARN_UNGUARDED_AVAILABILITY = YES_AGGRESSIVE;
				CLANG_WARN_UNREACHABLE_CODE = YES;
				CLANG_WARN__DUPLICATE_METHOD_MATCH = YES;
				CODE_SIGN_IDENTITY = "iPhone Developer";
				COPY_PHASE_STRIP = NO;
				DEBUG_INFORMATION_FORMAT = dwarf;
				ENABLE_STRICT_OBJC_MSGSEND = YES;
				ENABLE_TESTABILITY = YES;
				GCC_C_LANGUAGE_STANDARD = gnu11;
				GCC_DYNAMIC_NO_PIC = NO;
				GCC_NO_COMMON_BLOCKS = YES;
				GCC_OPTIMIZATION_LEVEL = 0;
				GCC_PREPROCESSOR_DEFINITIONS = (
					"DEBUG=1",
					"$(inherited)",
				);
				GCC_WARN_64_TO_32_BIT_CONVERSION = YES;
				GCC_WARN_ABOUT_RETURN_TYPE = YES_ERROR;
				GCC_WARN_UNDECLARED_SELECTOR = YES;
				GCC_WARN_UNINITIALIZED_AUTOS = YES_AGGRESSIVE;
				GCC_WARN_UNUSED_FUNCTION = YES;
				GCC_WARN_UNUSED_VARIABLE = YES;
				IPHONEOS_DEPLOYMENT_TARGET = 11.2;
				MTL_ENABLE_DEBUG_INFO = YES;
				ONLY_ACTIVE_ARCH = YES;
				SDKROOT = iphoneos;
			};
			name = Debug;
		};
		C1785B972032A34D00036D74 /* Release */ = {
			isa = XCBuildConfiguration;
			buildSettings = {
				ALWAYS_SEARCH_USER_PATHS = NO;
				CLANG_ANALYZER_NONNULL = YES;
				CLANG_ANALYZER_NUMBER_OBJECT_CONVERSION = YES_AGGRESSIVE;
				CLANG_CXX_LANGUAGE_STANDARD = "gnu++14";
				CLANG_CXX_LIBRARY = "libc++";
				CLANG_ENABLE_MODULES = YES;
				CLANG_ENABLE_OBJC_ARC = YES;
				CLANG_WARN_BLOCK_CAPTURE_AUTORELEASING = YES;
				CLANG_WARN_BOOL_CONVERSION = YES;
				CLANG_WARN_COMMA = YES;
				CLANG_WARN_CONSTANT_CONVERSION = YES;
				CLANG_WARN_DIRECT_OBJC_ISA_USAGE = YES_ERROR;
				CLANG_WARN_DOCUMENTATION_COMMENTS = YES;
				CLANG_WARN_EMPTY_BODY = YES;
				CLANG_WARN_ENUM_CONVERSION = YES;
				CLANG_WARN_INFINITE_RECURSION = YES;
				CLANG_WARN_INT_CONVERSION = YES;
				CLANG_WARN_NON_LITERAL_NULL_CONVERSION = YES;
				CLANG_WARN_OBJC_LITERAL_CONVERSION = YES;
				CLANG_WARN_OBJC_ROOT_CLASS = YES_ERROR;
				CLANG_WARN_RANGE_LOOP_ANALYSIS = YES;
				CLANG_WARN_STRICT_PROTOTYPES = YES;
				CLANG_WARN_SUSPICIOUS_MOVE = YES;
				CLANG_WARN_UNGUARDED_AVAILABILITY = YES_AGGRESSIVE;
				CLANG_WARN_UNREACHABLE_CODE = YES;
				CLANG_WARN__DUPLICATE_METHOD_MATCH = YES;
				CODE_SIGN_IDENTITY = "iPhone Developer";
				COPY_PHASE_STRIP = NO;
				DEBUG_INFORMATION_FORMAT = "dwarf-with-dsym";
				ENABLE_NS_ASSERTIONS = NO;
				ENABLE_STRICT_OBJC_MSGSEND = YES;
				GCC_C_LANGUAGE_STANDARD = gnu11;
				GCC_NO_COMMON_BLOCKS = YES;
				GCC_WARN_64_TO_32_BIT_CONVERSION = YES;
				GCC_WARN_ABOUT_RETURN_TYPE = YES_ERROR;
				GCC_WARN_UNDECLARED_SELECTOR = YES;
				GCC_WARN_UNINITIALIZED_AUTOS = YES_AGGRESSIVE;
				GCC_WARN_UNUSED_FUNCTION = YES;
				GCC_WARN_UNUSED_VARIABLE = YES;
				IPHONEOS_DEPLOYMENT_TARGET = 11.2;
				MTL_ENABLE_DEBUG_INFO = NO;
				SDKROOT = iphoneos;
				VALIDATE_PRODUCT = YES;
			};
			name = Release;
		};
		C1785B992032A34D00036D74 /* Debug */ = {
			isa = XCBuildConfiguration;
			buildSettings = {
				ASSETCATALOG_COMPILER_APPICON_NAME = AppIcon;
				CODE_SIGN_STYLE = Automatic;
				DEVELOPMENT_TEAM = 345LLH35Y9;
				INFOPLIST_FILE = QueueTwoStack/Info.plist;
				LD_RUNPATH_SEARCH_PATHS = "$(inherited) @executable_path/Frameworks";
				PRODUCT_BUNDLE_IDENTIFIER = org.pv.QueueTwoStack;
				PRODUCT_NAME = "$(TARGET_NAME)";
				TARGETED_DEVICE_FAMILY = "1,2";
			};
			name = Debug;
		};
		C1785B9A2032A34D00036D74 /* Release */ = {
			isa = XCBuildConfiguration;
			buildSettings = {
				ASSETCATALOG_COMPILER_APPICON_NAME = AppIcon;
				CODE_SIGN_STYLE = Automatic;
				DEVELOPMENT_TEAM = 345LLH35Y9;
				INFOPLIST_FILE = QueueTwoStack/Info.plist;
				LD_RUNPATH_SEARCH_PATHS = "$(inherited) @executable_path/Frameworks";
				PRODUCT_BUNDLE_IDENTIFIER = org.pv.QueueTwoStack;
				PRODUCT_NAME = "$(TARGET_NAME)";
				TARGETED_DEVICE_FAMILY = "1,2";
			};
			name = Release;
		};
		C1785B9C2032A34D00036D74 /* Debug */ = {
			isa = XCBuildConfiguration;
			buildSettings = {
				BUNDLE_LOADER = "$(TEST_HOST)";
				CODE_SIGN_STYLE = Automatic;
				DEVELOPMENT_TEAM = 345LLH35Y9;
				INFOPLIST_FILE = QueueTwoStackTests/Info.plist;
				LD_RUNPATH_SEARCH_PATHS = "$(inherited) @executable_path/Frameworks @loader_path/Frameworks";
				PRODUCT_BUNDLE_IDENTIFIER = org.pv.QueueTwoStackTests;
				PRODUCT_NAME = "$(TARGET_NAME)";
				TARGETED_DEVICE_FAMILY = "1,2";
				TEST_HOST = "$(BUILT_PRODUCTS_DIR)/QueueTwoStack.app/QueueTwoStack";
			};
			name = Debug;
		};
		C1785B9D2032A34D00036D74 /* Release */ = {
			isa = XCBuildConfiguration;
			buildSettings = {
				BUNDLE_LOADER = "$(TEST_HOST)";
				CODE_SIGN_STYLE = Automatic;
				DEVELOPMENT_TEAM = 345LLH35Y9;
				INFOPLIST_FILE = QueueTwoStackTests/Info.plist;
				LD_RUNPATH_SEARCH_PATHS = "$(inherited) @executable_path/Frameworks @loader_path/Frameworks";
				PRODUCT_BUNDLE_IDENTIFIER = org.pv.QueueTwoStackTests;
				PRODUCT_NAME = "$(TARGET_NAME)";
				TARGETED_DEVICE_FAMILY = "1,2";
				TEST_HOST = "$(BUILT_PRODUCTS_DIR)/QueueTwoStack.app/QueueTwoStack";
			};
			name = Release;
		};
		C1785B9F2032A34D00036D74 /* Debug */ = {
			isa = XCBuildConfiguration;
			buildSettings = {
				CODE_SIGN_STYLE = Automatic;
				DEVELOPMENT_TEAM = 345LLH35Y9;
				INFOPLIST_FILE = QueueTwoStackUITests/Info.plist;
				LD_RUNPATH_SEARCH_PATHS = "$(inherited) @executable_path/Frameworks @loader_path/Frameworks";
				PRODUCT_BUNDLE_IDENTIFIER = org.pv.QueueTwoStackUITests;
				PRODUCT_NAME = "$(TARGET_NAME)";
				TARGETED_DEVICE_FAMILY = "1,2";
				TEST_TARGET_NAME = QueueTwoStack;
			};
			name = Debug;
		};
		C1785BA02032A34D00036D74 /* Release */ = {
			isa = XCBuildConfiguration;
			buildSettings = {
				CODE_SIGN_STYLE = Automatic;
				DEVELOPMENT_TEAM = 345LLH35Y9;
				INFOPLIST_FILE = QueueTwoStackUITests/Info.plist;
				LD_RUNPATH_SEARCH_PATHS = "$(inherited) @executable_path/Frameworks @loader_path/Frameworks";
				PRODUCT_BUNDLE_IDENTIFIER = org.pv.QueueTwoStackUITests;
				PRODUCT_NAME = "$(TARGET_NAME)";
				TARGETED_DEVICE_FAMILY = "1,2";
				TEST_TARGET_NAME = QueueTwoStack;
			};
			name = Release;
		};
/* End XCBuildConfiguration section */

/* Begin XCConfigurationList section */
		C1785B672032A34D00036D74 /* Build configuration list for PBXProject "QueueTwoStack" */ = {
			isa = XCConfigurationList;
			buildConfigurations = (
				C1785B962032A34D00036D74 /* Debug */,
				C1785B972032A34D00036D74 /* Release */,
			);
			defaultConfigurationIsVisible = 0;
			defaultConfigurationName = Release;
		};
		C1785B982032A34D00036D74 /* Build configuration list for PBXNativeTarget "QueueTwoStack" */ = {
			isa = XCConfigurationList;
			buildConfigurations = (
				C1785B992032A34D00036D74 /* Debug */,
				C1785B9A2032A34D00036D74 /* Release */,
			);
			defaultConfigurationIsVisible = 0;
			defaultConfigurationName = Release;
		};
		C1785B9B2032A34D00036D74 /* Build configuration list for PBXNativeTarget "QueueTwoStackTests" */ = {
			isa = XCConfigurationList;
			buildConfigurations = (
				C1785B9C2032A34D00036D74 /* Debug */,
				C1785B9D2032A34D00036D74 /* Release */,
			);
			defaultConfigurationIsVisible = 0;
			defaultConfigurationName = Release;
		};
		C1785B9E2032A34D00036D74 /* Build configuration list for PBXNativeTarget "QueueTwoStackUITests" */ = {
			isa = XCConfigurationList;
			buildConfigurations = (
				C1785B9F2032A34D00036D74 /* Debug */,
				C1785BA02032A34D00036D74 /* Release */,
			);
			defaultConfigurationIsVisible = 0;
			defaultConfigurationName = Release;
		};
/* End XCConfigurationList section */
	};
	rootObject = C1785B642032A34D00036D74 /* Project object */;
}
